
Microsoft Visual Studio Solution File, Format Version 12.00
# Visual Studio 15
VisualStudioVersion = 15.0.28307.645
MinimumVisualStudioVersion = 10.0.40219.1
Project("{FAE04EC0-301F-11D3-BF4B-00C04F79EFBC}") = "NameAnonymizer", "NameAnonymizer\NameAnonymizer.csproj", "{D495FA48-6A41-4B56-97CC-AEA5A0C22E79}"
EndProject
Global
	GlobalSection(SolutionConfigurationPlatforms) = preSolution
		Debug|Any CPU = Debug|Any CPU
		Release|Any CPU = Release|Any CPU
	EndGlobalSection
	GlobalSection(ProjectConfigurationPlatforms) = postSolution
		{D495FA48-6A41-4B56-97CC-AEA5A0C22E79}.Debug|Any CPU.ActiveCfg = Debug|Any CPU
		{D495FA48-6A41-4B56-97CC-AEA5A0C22E79}.Debug|Any CPU.Build.0 = Debug|Any CPU
		{D495FA48-6A41-4B56-97CC-AEA5A0C22E79}.Release|Any CPU.ActiveCfg = Release|Any CPU
		{D495FA48-6A41-4B56-97CC-AEA5A0C22E79}.Release|Any CPU.Build.0 = Release|Any CPU
	EndGlobalSection
	GlobalSection(SolutionProperties) = preSolution
		HideSolutionNode = FALSE
	EndGlobalSection
	GlobalSection(ExtensibilityGlobals) = postSolution
		SolutionGuid = {45289A22-3696-41E0-AC1E-EDCE2A551508}
	EndGlobalSection
EndGlobal
